
Microsoft Visual Studio Solution File, Format Version 12.00
# Visual Studio Version 17
VisualStudioVersion = 17.7.34202.233
MinimumVisualStudioVersion = 10.0.40219.1
Project("{FAE04EC0-301F-11D3-BF4B-00C04F79EFBC}") = "codingmx.Server", "codingmx\Server\codingmx.Server.csproj", "{B9B0A462-4239-4BE5-AB5E-0BB873582B5A}"
EndProject
Project("{FAE04EC0-301F-11D3-BF4B-00C04F79EFBC}") = "codingmx.Client", "codingmx\Client\codingmx.Client.csproj", "{955F3994-A3A8-4328-A035-96CE850F336E}"
EndProject
Project("{FAE04EC0-301F-11D3-BF4B-00C04F79EFBC}") = "codingmx.Shared", "codingmx\Shared\codingmx.Shared.csproj", "{12E1E056-5C0D-421C-8D59-EDB5A629BBEC}"
EndProject
Global
	GlobalSection(SolutionConfigurationPlatforms) = preSolution
		Debug|Any CPU = Debug|Any CPU
		Release|Any CPU = Release|Any CPU
	EndGlobalSection
	GlobalSection(ProjectConfigurationPlatforms) = postSolution
		{B9B0A462-4239-4BE5-AB5E-0BB873582B5A}.Debug|Any CPU.ActiveCfg = Debug|Any CPU
		{B9B0A462-4239-4BE5-AB5E-0BB873582B5A}.Debug|Any CPU.Build.0 = Debug|Any CPU
		{B9B0A462-4239-4BE5-AB5E-0BB873582B5A}.Release|Any CPU.ActiveCfg = Release|Any CPU
		{B9B0A462-4239-4BE5-AB5E-0BB873582B5A}.Release|Any CPU.Build.0 = Release|Any CPU
		{955F3994-A3A8-4328-A035-96CE850F336E}.Debug|Any CPU.ActiveCfg = Debug|Any CPU
		{955F3994-A3A8-4328-A035-96CE850F336E}.Debug|Any CPU.Build.0 = Debug|Any CPU
		{955F3994-A3A8-4328-A035-96CE850F336E}.Release|Any CPU.ActiveCfg = Release|Any CPU
		{955F3994-A3A8-4328-A035-96CE850F336E}.Release|Any CPU.Build.0 = Release|Any CPU
		{12E1E056-5C0D-421C-8D59-EDB5A629BBEC}.Debug|Any CPU.ActiveCfg = Debug|Any CPU
		{12E1E056-5C0D-421C-8D59-EDB5A629BBEC}.Debug|Any CPU.Build.0 = Debug|Any CPU
		{12E1E056-5C0D-421C-8D59-EDB5A629BBEC}.Release|Any CPU.ActiveCfg = Release|Any CPU
		{12E1E056-5C0D-421C-8D59-EDB5A629BBEC}.Release|Any CPU.Build.0 = Release|Any CPU
	EndGlobalSection
	GlobalSection(SolutionProperties) = preSolution
		HideSolutionNode = FALSE
	EndGlobalSection
	GlobalSection(ExtensibilityGlobals) = postSolution
		SolutionGuid = {B93BF383-3727-4023-900E-26EC5002C869}
	EndGlobalSection
EndGlobal
